{
  "name": "seda-request-starter-kit",
  "version": "0.0.1",
  "lockfileVersion": 3,
  "requires": true,
  "packages": {
    "": {
      "name": "seda-request-starter-kit",
      "version": "0.0.1",
      "license": "ISC",
      "dependencies": {
        "@ankr.com/ankr.js": "^0.5.2",
        "@seda-protocol/as-sdk": "^0.0.15",
        "@seda-protocol/vm": "^0.0.4",
        "framer-motion": "^11.11.9",
        "react-router-dom": "^6.27.0"
      },
      "devDependencies": {
        "@seda-protocol/dev-tools": "^0.0.12",
        "@types/bun": "^1.1.6",
        "assemblyscript": "^0.27.29",
        "bignumber.js": "^9.1.2"
      }
    },
    "node_modules/@ankr.com/ankr.js": {
      "version": "0.5.2",
      "resolved": "https://registry.npmjs.org/@ankr.com/ankr.js/-/ankr.js-0.5.2.tgz",
      "integrity": "sha512-oEILtUNwIQxGKk15nCiqjA+kMgvzShBuQyZjAsjA1A44N+CO/Wi0BLTuffiiaaI4D3tcwHFjSBquDVhissdAzw==",
      "dependencies": {
        "axios": "^0.26.1"
      }
    },
    "node_modules/@ankr.com/ankr.js/node_modules/axios": {
      "version": "0.26.1",
      "resolved": "https://registry.npmjs.org/axios/-/axios-0.26.1.tgz",
      "integrity": "sha512-fPwcX4EvnSHuInCMItEhAGnaSEXRBjtzh9fOtsE6E1G6p7vl7edEeZe11QHf18+6+9gR5PbKV/sGKNaD8YaMeA==",
      "dependencies": {
        "follow-redirects": "^1.14.8"
      }
    },
    "node_modules/@assemblyscript/wasi-shim": {
      "version": "0.0.0",
      "resolved": "git+ssh://git@github.com/sedaprotocol/wasi-shim.git#8fda40c6a952d83013f4202ceb2d0c79939a45e0",
      "funding": {
        "type": "opencollective",
        "url": "https://opencollective.com/assemblyscript"
      }
    },
    "node_modules/@confio/ics23": {
      "version": "0.6.8",
      "dev": true,
      "license": "Apache-2.0",
      "dependencies": {
        "@noble/hashes": "^1.0.0",
        "protobufjs": "^6.8.8"
      }
    },
    "node_modules/@confio/ics23/node_modules/protobufjs": {
      "version": "6.11.4",
      "dev": true,
      "hasInstallScript": true,
      "license": "BSD-3-Clause",
      "dependencies": {
        "@protobufjs/aspromise": "^1.1.2",
        "@protobufjs/base64": "^1.1.2",
        "@protobufjs/codegen": "^2.0.4",
        "@protobufjs/eventemitter": "^1.1.0",
        "@protobufjs/fetch": "^1.1.0",
        "@protobufjs/float": "^1.0.2",
        "@protobufjs/inquire": "^1.1.0",
        "@protobufjs/path": "^1.1.2",
        "@protobufjs/pool": "^1.1.0",
        "@protobufjs/utf8": "^1.1.0",
        "@types/long": "^4.0.1",
        "@types/node": ">=13.7.0",
        "long": "^4.0.0"
      },
      "bin": {
        "pbjs": "bin/pbjs",
        "pbts": "bin/pbts"
      }
    },
    "node_modules/@confio/ics23/node_modules/protobufjs/node_modules/long": {
      "version": "4.0.0",
      "dev": true,
      "license": "Apache-2.0"
    },
    "node_modules/@cosmjs/amino": {
      "version": "0.32.4",
      "dev": true,
      "license": "Apache-2.0",
      "dependencies": {
        "@cosmjs/crypto": "^0.32.4",
        "@cosmjs/encoding": "^0.32.4",
        "@cosmjs/math": "^0.32.4",
        "@cosmjs/utils": "^0.32.4"
      }
    },
    "node_modules/@cosmjs/cosmwasm-stargate": {
      "version": "0.32.4",
      "dev": true,
      "license": "Apache-2.0",
      "dependencies": {
        "@cosmjs/amino": "^0.32.4",
        "@cosmjs/crypto": "^0.32.4",
        "@cosmjs/encoding": "^0.32.4",
        "@cosmjs/math": "^0.32.4",
        "@cosmjs/proto-signing": "^0.32.4",
        "@cosmjs/stargate": "^0.32.4",
        "@cosmjs/tendermint-rpc": "^0.32.4",
        "@cosmjs/utils": "^0.32.4",
        "cosmjs-types": "^0.9.0",
        "pako": "^2.0.2"
      }
    },
    "node_modules/@cosmjs/crypto": {
      "version": "0.32.4",
      "dev": true,
      "license": "Apache-2.0",
      "dependencies": {
        "@cosmjs/encoding": "^0.32.4",
        "@cosmjs/math": "^0.32.4",
        "@cosmjs/utils": "^0.32.4",
        "@noble/hashes": "^1",
        "bn.js": "^5.2.0",
        "elliptic": "^6.5.4",
        "libsodium-wrappers-sumo": "^0.7.11"
      }
    },
    "node_modules/@cosmjs/encoding": {
      "version": "0.32.4",
      "dev": true,
      "license": "Apache-2.0",
      "dependencies": {
        "base64-js": "^1.3.0",
        "bech32": "^1.1.4",
        "readonly-date": "^1.0.0"
      }
    },
    "node_modules/@cosmjs/json-rpc": {
      "version": "0.32.4",
      "dev": true,
      "license": "Apache-2.0",
      "dependencies": {
        "@cosmjs/stream": "^0.32.4",
        "xstream": "^11.14.0"
      }
    },
    "node_modules/@cosmjs/math": {
      "version": "0.32.4",
      "dev": true,
      "license": "Apache-2.0",
      "dependencies": {
        "bn.js": "^5.2.0"
      }
    },
    "node_modules/@cosmjs/proto-signing": {
      "version": "0.32.4",
      "dev": true,
      "license": "Apache-2.0",
      "dependencies": {
        "@cosmjs/amino": "^0.32.4",
        "@cosmjs/crypto": "^0.32.4",
        "@cosmjs/encoding": "^0.32.4",
        "@cosmjs/math": "^0.32.4",
        "@cosmjs/utils": "^0.32.4",
        "cosmjs-types": "^0.9.0"
      }
    },
    "node_modules/@cosmjs/socket": {
      "version": "0.32.4",
      "dev": true,
      "license": "Apache-2.0",
      "dependencies": {
        "@cosmjs/stream": "^0.32.4",
        "isomorphic-ws": "^4.0.1",
        "ws": "^7",
        "xstream": "^11.14.0"
      }
    },
    "node_modules/@cosmjs/stargate": {
      "version": "0.32.4",
      "dev": true,
      "license": "Apache-2.0",
      "dependencies": {
        "@confio/ics23": "^0.6.8",
        "@cosmjs/amino": "^0.32.4",
        "@cosmjs/encoding": "^0.32.4",
        "@cosmjs/math": "^0.32.4",
        "@cosmjs/proto-signing": "^0.32.4",
        "@cosmjs/stream": "^0.32.4",
        "@cosmjs/tendermint-rpc": "^0.32.4",
        "@cosmjs/utils": "^0.32.4",
        "cosmjs-types": "^0.9.0",
        "xstream": "^11.14.0"
      }
    },
    "node_modules/@cosmjs/stream": {
      "version": "0.32.4",
      "dev": true,
      "license": "Apache-2.0",
      "dependencies": {
        "xstream": "^11.14.0"
      }
    },
    "node_modules/@cosmjs/tendermint-rpc": {
      "version": "0.32.4",
      "dev": true,
      "license": "Apache-2.0",
      "dependencies": {
        "@cosmjs/crypto": "^0.32.4",
        "@cosmjs/encoding": "^0.32.4",
        "@cosmjs/json-rpc": "^0.32.4",
        "@cosmjs/math": "^0.32.4",
        "@cosmjs/socket": "^0.32.4",
        "@cosmjs/stream": "^0.32.4",
        "@cosmjs/utils": "^0.32.4",
        "axios": "^1.6.0",
        "readonly-date": "^1.0.0",
        "xstream": "^11.14.0"
      }
    },
    "node_modules/@cosmjs/utils": {
      "version": "0.32.4",
      "dev": true,
      "license": "Apache-2.0"
    },
    "node_modules/@noble/hashes": {
      "version": "1.4.0",
      "license": "MIT",
      "engines": {
        "node": ">= 16"
      },
      "funding": {
        "url": "https://paulmillr.com/funding/"
      }
    },
    "node_modules/@noble/secp256k1": {
      "version": "2.1.0",
      "license": "MIT",
      "funding": {
        "url": "https://paulmillr.com/funding/"
      }
    },
    "node_modules/@protobufjs/aspromise": {
      "version": "1.1.2",
      "dev": true,
      "license": "BSD-3-Clause"
    },
    "node_modules/@protobufjs/base64": {
      "version": "1.1.2",
      "dev": true,
      "license": "BSD-3-Clause"
    },
    "node_modules/@protobufjs/codegen": {
      "version": "2.0.4",
      "dev": true,
      "license": "BSD-3-Clause"
    },
    "node_modules/@protobufjs/eventemitter": {
      "version": "1.1.0",
      "dev": true,
      "license": "BSD-3-Clause"
    },
    "node_modules/@protobufjs/fetch": {
      "version": "1.1.0",
      "dev": true,
      "license": "BSD-3-Clause",
      "dependencies": {
        "@protobufjs/aspromise": "^1.1.1",
        "@protobufjs/inquire": "^1.1.0"
      }
    },
    "node_modules/@protobufjs/float": {
      "version": "1.0.2",
      "dev": true,
      "license": "BSD-3-Clause"
    },
    "node_modules/@protobufjs/inquire": {
      "version": "1.1.0",
      "dev": true,
      "license": "BSD-3-Clause"
    },
    "node_modules/@protobufjs/path": {
      "version": "1.1.2",
      "dev": true,
      "license": "BSD-3-Clause"
    },
    "node_modules/@protobufjs/pool": {
      "version": "1.1.0",
      "dev": true,
      "license": "BSD-3-Clause"
    },
    "node_modules/@protobufjs/utf8": {
      "version": "1.1.0",
      "dev": true,
      "license": "BSD-3-Clause"
    },
    "node_modules/@remix-run/router": {
      "version": "1.20.0",
      "resolved": "https://registry.npmjs.org/@remix-run/router/-/router-1.20.0.tgz",
      "integrity": "sha512-mUnk8rPJBI9loFDZ+YzPGdeniYK+FTmRD1TMCz7ev2SNIozyKKpnGgsxO34u6Z4z/t0ITuu7voi/AshfsGsgFg==",
      "engines": {
        "node": ">=14.0.0"
      }
    },
    "node_modules/@seda-protocol/as-sdk": {
      "version": "0.0.15",
      "dependencies": {
        "@assemblyscript/wasi-shim": "git+https://github.com/sedaprotocol/wasi-shim.git",
        "as-bignum": "^0.3.1",
        "json-as": "^0.9.6",
        "visitor-as": "^0.11.4"
      }
    },
    "node_modules/@seda-protocol/dev-tools": {
      "version": "0.0.12",
      "dev": true,
      "dependencies": {
        "@cosmjs/cosmwasm-stargate": "^0.32.4",
        "@cosmjs/crypto": "^0.32.4",
        "@cosmjs/proto-signing": "^0.32.4",
        "@cosmjs/stargate": "^0.32.4",
        "@cosmjs/tendermint-rpc": "^0.32.4",
        "@seda-protocol/proto-messages": "0.3.0-dev.0-1",
        "@seda-protocol/vm": "^0.0.4",
        "big.js": "^6.2.1",
        "dotenv": "^16.3.1",
        "node-fetch": "^3.3.2",
        "node-gzip": "^1.1.2",
        "true-myth": "^7.3.0",
        "valibot": "^0.35.0"
      },
      "bin": {
        "seda-sdk": "bin/index.js"
      }
    },
    "node_modules/@seda-protocol/proto-messages": {
      "version": "0.3.0-dev.0-1",
      "dev": true,
      "dependencies": {
        "protobufjs": "^7.4.0"
      }
    },
    "node_modules/@seda-protocol/vm": {
      "version": "0.0.4",
      "dependencies": {
        "@noble/hashes": "1.4.0",
        "@noble/secp256k1": "2.1.0",
        "@wasmer/wasi": "^1.2.2",
        "true-myth": "^7.3.0"
      }
    },
    "node_modules/@types/bun": {
      "version": "1.1.9",
      "dev": true,
      "license": "MIT",
      "dependencies": {
        "bun-types": "1.1.27"
      }
    },
    "node_modules/@types/long": {
      "version": "4.0.2",
      "dev": true,
      "license": "MIT"
    },
    "node_modules/@types/node": {
      "version": "20.12.14",
      "dev": true,
      "license": "MIT",
      "dependencies": {
        "undici-types": "~5.26.4"
      }
    },
    "node_modules/@types/ws": {
      "version": "8.5.12",
      "dev": true,
      "license": "MIT",
      "dependencies": {
        "@types/node": "*"
      }
    },
    "node_modules/@wasmer/wasi": {
      "version": "1.2.2",
      "license": "MIT"
    },
    "node_modules/as-bignum": {
      "version": "0.3.1",
      "license": "Apache-2.0"
    },
    "node_modules/as-virtual": {
      "version": "0.2.0",
      "license": "MIT"
    },
    "node_modules/assemblyscript": {
      "version": "0.27.29",
      "license": "Apache-2.0",
      "dependencies": {
        "binaryen": "116.0.0-nightly.20240114",
        "long": "^5.2.1"
      },
      "bin": {
        "asc": "bin/asc.js",
        "asinit": "bin/asinit.js"
      },
      "engines": {
        "node": ">=16",
        "npm": ">=7"
      },
      "funding": {
        "type": "opencollective",
        "url": "https://opencollective.com/assemblyscript"
      }
    },
    "node_modules/asynckit": {
      "version": "0.4.0",
      "dev": true,
      "license": "MIT"
    },
    "node_modules/axios": {
      "version": "1.7.7",
      "dev": true,
      "license": "MIT",
      "dependencies": {
        "follow-redirects": "^1.15.6",
        "form-data": "^4.0.0",
        "proxy-from-env": "^1.1.0"
      }
    },
    "node_modules/base64-js": {
      "version": "1.5.1",
      "dev": true,
      "funding": [
        {
          "type": "github",
          "url": "https://github.com/sponsors/feross"
        },
        {
          "type": "patreon",
          "url": "https://www.patreon.com/feross"
        },
        {
          "type": "consulting",
          "url": "https://feross.org/support"
        }
      ],
      "license": "MIT"
    },
    "node_modules/bech32": {
      "version": "1.1.4",
      "dev": true,
      "license": "MIT"
    },
    "node_modules/big.js": {
      "version": "6.2.2",
      "dev": true,
      "license": "MIT",
      "engines": {
        "node": "*"
      },
      "funding": {
        "type": "opencollective",
        "url": "https://opencollective.com/bigjs"
      }
    },
    "node_modules/bignumber.js": {
      "version": "9.1.2",
      "dev": true,
      "license": "MIT",
      "engines": {
        "node": "*"
      }
    },
    "node_modules/binaryen": {
      "version": "116.0.0-nightly.20240114",
      "license": "Apache-2.0",
      "bin": {
        "wasm-opt": "bin/wasm-opt",
        "wasm2js": "bin/wasm2js"
      }
    },
    "node_modules/bn.js": {
      "version": "5.2.1",
      "dev": true,
      "license": "MIT"
    },
    "node_modules/brorand": {
      "version": "1.1.0",
      "dev": true,
      "license": "MIT"
    },
    "node_modules/bun-types": {
      "version": "1.1.27",
      "dev": true,
      "license": "MIT",
      "dependencies": {
        "@types/node": "~20.12.8",
        "@types/ws": "~8.5.10"
      }
    },
    "node_modules/combined-stream": {
      "version": "1.0.8",
      "dev": true,
      "license": "MIT",
      "dependencies": {
        "delayed-stream": "~1.0.0"
      },
      "engines": {
        "node": ">= 0.8"
      }
    },
    "node_modules/cosmjs-types": {
      "version": "0.9.0",
      "dev": true,
      "license": "Apache-2.0"
    },
    "node_modules/data-uri-to-buffer": {
      "version": "4.0.1",
      "dev": true,
      "license": "MIT",
      "engines": {
        "node": ">= 12"
      }
    },
    "node_modules/define-data-property": {
      "version": "1.1.4",
      "dev": true,
      "license": "MIT",
      "dependencies": {
        "es-define-property": "^1.0.0",
        "es-errors": "^1.3.0",
        "gopd": "^1.0.1"
      },
      "engines": {
        "node": ">= 0.4"
      },
      "funding": {
        "url": "https://github.com/sponsors/ljharb"
      }
    },
    "node_modules/define-properties": {
      "version": "1.2.1",
      "dev": true,
      "license": "MIT",
      "dependencies": {
        "define-data-property": "^1.0.1",
        "has-property-descriptors": "^1.0.0",
        "object-keys": "^1.1.1"
      },
      "engines": {
        "node": ">= 0.4"
      },
      "funding": {
        "url": "https://github.com/sponsors/ljharb"
      }
    },
    "node_modules/delayed-stream": {
      "version": "1.0.0",
      "dev": true,
      "license": "MIT",
      "engines": {
        "node": ">=0.4.0"
      }
    },
    "node_modules/dotenv": {
      "version": "16.4.5",
      "dev": true,
      "license": "BSD-2-Clause",
      "engines": {
        "node": ">=12"
      },
      "funding": {
        "url": "https://dotenvx.com"
      }
    },
    "node_modules/elliptic": {
      "version": "6.5.7",
      "dev": true,
      "license": "MIT",
      "dependencies": {
        "bn.js": "^4.11.9",
        "brorand": "^1.1.0",
        "hash.js": "^1.0.0",
        "hmac-drbg": "^1.0.1",
        "inherits": "^2.0.4",
        "minimalistic-assert": "^1.0.1",
        "minimalistic-crypto-utils": "^1.0.1"
      }
    },
    "node_modules/elliptic/node_modules/bn.js": {
      "version": "4.12.0",
      "dev": true,
      "license": "MIT"
    },
    "node_modules/es-define-property": {
      "version": "1.0.0",
      "dev": true,
      "license": "MIT",
      "dependencies": {
        "get-intrinsic": "^1.2.4"
      },
      "engines": {
        "node": ">= 0.4"
      }
    },
    "node_modules/es-errors": {
      "version": "1.3.0",
      "dev": true,
      "license": "MIT",
      "engines": {
        "node": ">= 0.4"
      }
    },
    "node_modules/fetch-blob": {
      "version": "3.2.0",
      "dev": true,
      "funding": [
        {
          "type": "github",
          "url": "https://github.com/sponsors/jimmywarting"
        },
        {
          "type": "paypal",
          "url": "https://paypal.me/jimmywarting"
        }
      ],
      "license": "MIT",
      "dependencies": {
        "node-domexception": "^1.0.0",
        "web-streams-polyfill": "^3.0.3"
      },
      "engines": {
        "node": "^12.20 || >= 14.13"
      }
    },
    "node_modules/follow-redirects": {
      "version": "1.15.9",
      "funding": [
        {
          "type": "individual",
          "url": "https://github.com/sponsors/RubenVerborgh"
        }
      ],
      "license": "MIT",
      "engines": {
        "node": ">=4.0"
      },
      "peerDependenciesMeta": {
        "debug": {
          "optional": true
        }
      }
    },
    "node_modules/form-data": {
      "version": "4.0.0",
      "dev": true,
      "license": "MIT",
      "dependencies": {
        "asynckit": "^0.4.0",
        "combined-stream": "^1.0.8",
        "mime-types": "^2.1.12"
      },
      "engines": {
        "node": ">= 6"
      }
    },
    "node_modules/formdata-polyfill": {
      "version": "4.0.10",
      "dev": true,
      "license": "MIT",
      "dependencies": {
        "fetch-blob": "^3.1.2"
      },
      "engines": {
        "node": ">=12.20.0"
      }
    },
    "node_modules/framer-motion": {
      "version": "11.11.9",
      "resolved": "https://registry.npmjs.org/framer-motion/-/framer-motion-11.11.9.tgz",
      "integrity": "sha512-XpdZseuCrZehdHGuW22zZt3SF5g6AHJHJi7JwQIigOznW4Jg1n0oGPMJQheMaKLC+0rp5gxUKMRYI6ytd3q4RQ==",
      "dependencies": {
        "tslib": "^2.4.0"
      },
      "peerDependencies": {
        "@emotion/is-prop-valid": "*",
        "react": "^18.0.0",
        "react-dom": "^18.0.0"
      },
      "peerDependenciesMeta": {
        "@emotion/is-prop-valid": {
          "optional": true
        },
        "react": {
          "optional": true
        },
        "react-dom": {
          "optional": true
        }
      }
    },
    "node_modules/function-bind": {
      "version": "1.1.2",
      "dev": true,
      "license": "MIT",
      "funding": {
        "url": "https://github.com/sponsors/ljharb"
      }
    },
    "node_modules/get-intrinsic": {
      "version": "1.2.4",
      "dev": true,
      "license": "MIT",
      "dependencies": {
        "es-errors": "^1.3.0",
        "function-bind": "^1.1.2",
        "has-proto": "^1.0.1",
        "has-symbols": "^1.0.3",
        "hasown": "^2.0.0"
      },
      "engines": {
        "node": ">= 0.4"
      },
      "funding": {
        "url": "https://github.com/sponsors/ljharb"
      }
    },
    "node_modules/globalthis": {
      "version": "1.0.4",
      "dev": true,
      "license": "MIT",
      "dependencies": {
        "define-properties": "^1.2.1",
        "gopd": "^1.0.1"
      },
      "engines": {
        "node": ">= 0.4"
      },
      "funding": {
        "url": "https://github.com/sponsors/ljharb"
      }
    },
    "node_modules/gopd": {
      "version": "1.0.1",
      "dev": true,
      "license": "MIT",
      "dependencies": {
        "get-intrinsic": "^1.1.3"
      },
      "funding": {
        "url": "https://github.com/sponsors/ljharb"
      }
    },
    "node_modules/has-property-descriptors": {
      "version": "1.0.2",
      "dev": true,
      "license": "MIT",
      "dependencies": {
        "es-define-property": "^1.0.0"
      },
      "funding": {
        "url": "https://github.com/sponsors/ljharb"
      }
    },
    "node_modules/has-proto": {
      "version": "1.0.3",
      "dev": true,
      "license": "MIT",
      "engines": {
        "node": ">= 0.4"
      },
      "funding": {
        "url": "https://github.com/sponsors/ljharb"
      }
    },
    "node_modules/has-symbols": {
      "version": "1.0.3",
      "dev": true,
      "license": "MIT",
      "engines": {
        "node": ">= 0.4"
      },
      "funding": {
        "url": "https://github.com/sponsors/ljharb"
      }
    },
    "node_modules/hash.js": {
      "version": "1.1.7",
      "dev": true,
      "license": "MIT",
      "dependencies": {
        "inherits": "^2.0.3",
        "minimalistic-assert": "^1.0.1"
      }
    },
    "node_modules/hasown": {
      "version": "2.0.2",
      "dev": true,
      "license": "MIT",
      "dependencies": {
        "function-bind": "^1.1.2"
      },
      "engines": {
        "node": ">= 0.4"
      }
    },
    "node_modules/hmac-drbg": {
      "version": "1.0.1",
      "dev": true,
      "license": "MIT",
      "dependencies": {
        "hash.js": "^1.0.3",
        "minimalistic-assert": "^1.0.0",
        "minimalistic-crypto-utils": "^1.0.1"
      }
    },
    "node_modules/inherits": {
      "version": "2.0.4",
      "dev": true,
      "license": "ISC"
    },
    "node_modules/isomorphic-ws": {
      "version": "4.0.1",
      "dev": true,
      "license": "MIT",
      "peerDependencies": {
        "ws": "*"
      }
    },
    "node_modules/js-tokens": {
      "version": "4.0.0",
      "resolved": "https://registry.npmjs.org/js-tokens/-/js-tokens-4.0.0.tgz",
      "integrity": "sha512-RdJUflcE3cUzKiMqQgsCu06FPu9UdIJO0beYbPhHN4k6apgJtifcoCtT9bcxOpYBtpD2kCM6Sbzg4CausW/PKQ==",
      "peer": true
    },
    "node_modules/json-as": {
      "version": "0.9.21",
      "license": "MIT",
      "dependencies": {
        "as-virtual": "^0.2.0"
      }
    },
    "node_modules/libsodium-sumo": {
      "version": "0.7.15",
      "dev": true,
      "license": "ISC"
    },
    "node_modules/libsodium-wrappers-sumo": {
      "version": "0.7.15",
      "dev": true,
      "license": "ISC",
      "dependencies": {
        "libsodium-sumo": "^0.7.15"
      }
    },
    "node_modules/lodash.clonedeep": {
      "version": "4.5.0",
      "license": "MIT"
    },
    "node_modules/long": {
      "version": "5.2.3",
      "license": "Apache-2.0"
    },
    "node_modules/loose-envify": {
      "version": "1.4.0",
      "resolved": "https://registry.npmjs.org/loose-envify/-/loose-envify-1.4.0.tgz",
      "integrity": "sha512-lyuxPGr/Wfhrlem2CL/UcnUc1zcqKAImBDzukY7Y5F/yQiNdko6+fRLevlw1HgMySw7f611UIY408EtxRSoK3Q==",
      "peer": true,
      "dependencies": {
        "js-tokens": "^3.0.0 || ^4.0.0"
      },
      "bin": {
        "loose-envify": "cli.js"
      }
    },
    "node_modules/mime-db": {
      "version": "1.52.0",
      "dev": true,
      "license": "MIT",
      "engines": {
        "node": ">= 0.6"
      }
    },
    "node_modules/mime-types": {
      "version": "2.1.35",
      "dev": true,
      "license": "MIT",
      "dependencies": {
        "mime-db": "1.52.0"
      },
      "engines": {
        "node": ">= 0.6"
      }
    },
    "node_modules/minimalistic-assert": {
      "version": "1.0.1",
      "dev": true,
      "license": "ISC"
    },
    "node_modules/minimalistic-crypto-utils": {
      "version": "1.0.1",
      "dev": true,
      "license": "MIT"
    },
    "node_modules/node-domexception": {
      "version": "1.0.0",
      "dev": true,
      "funding": [
        {
          "type": "github",
          "url": "https://github.com/sponsors/jimmywarting"
        },
        {
          "type": "github",
          "url": "https://paypal.me/jimmywarting"
        }
      ],
      "license": "MIT",
      "engines": {
        "node": ">=10.5.0"
      }
    },
    "node_modules/node-fetch": {
      "version": "3.3.2",
      "dev": true,
      "license": "MIT",
      "dependencies": {
        "data-uri-to-buffer": "^4.0.0",
        "fetch-blob": "^3.1.4",
        "formdata-polyfill": "^4.0.10"
      },
      "engines": {
        "node": "^12.20.0 || ^14.13.1 || >=16.0.0"
      },
      "funding": {
        "type": "opencollective",
        "url": "https://opencollective.com/node-fetch"
      }
    },
    "node_modules/node-gzip": {
      "version": "1.1.2",
      "dev": true,
      "license": "MIT"
    },
    "node_modules/object-keys": {
      "version": "1.1.1",
      "dev": true,
      "license": "MIT",
      "engines": {
        "node": ">= 0.4"
      }
    },
    "node_modules/pako": {
      "version": "2.1.0",
      "dev": true,
      "license": "(MIT AND Zlib)"
    },
    "node_modules/protobufjs": {
      "version": "7.4.0",
      "dev": true,
      "hasInstallScript": true,
      "license": "BSD-3-Clause",
      "dependencies": {
        "@protobufjs/aspromise": "^1.1.2",
        "@protobufjs/base64": "^1.1.2",
        "@protobufjs/codegen": "^2.0.4",
        "@protobufjs/eventemitter": "^1.1.0",
        "@protobufjs/fetch": "^1.1.0",
        "@protobufjs/float": "^1.0.2",
        "@protobufjs/inquire": "^1.1.0",
        "@protobufjs/path": "^1.1.2",
        "@protobufjs/pool": "^1.1.0",
        "@protobufjs/utf8": "^1.1.0",
        "@types/node": ">=13.7.0",
        "long": "^5.0.0"
      },
      "engines": {
        "node": ">=12.0.0"
      }
    },
    "node_modules/proxy-from-env": {
      "version": "1.1.0",
      "dev": true,
      "license": "MIT"
    },
    "node_modules/react": {
      "version": "18.3.1",
      "resolved": "https://registry.npmjs.org/react/-/react-18.3.1.tgz",
      "integrity": "sha512-wS+hAgJShR0KhEvPJArfuPVN1+Hz1t0Y6n5jLrGQbkb4urgPE/0Rve+1kMB1v/oWgHgm4WIcV+i7F2pTVj+2iQ==",
      "peer": true,
      "dependencies": {
        "loose-envify": "^1.1.0"
      },
      "engines": {
        "node": ">=0.10.0"
      }
    },
    "node_modules/react-dom": {
      "version": "18.3.1",
      "resolved": "https://registry.npmjs.org/react-dom/-/react-dom-18.3.1.tgz",
      "integrity": "sha512-5m4nQKp+rZRb09LNH59GM4BxTh9251/ylbKIbpe7TpGxfJ+9kv6BLkLBXIjjspbgbnIBNqlI23tRnTWT0snUIw==",
      "peer": true,
      "dependencies": {
        "loose-envify": "^1.1.0",
        "scheduler": "^0.23.2"
      },
      "peerDependencies": {
        "react": "^18.3.1"
      }
    },
    "node_modules/react-router": {
      "version": "6.27.0",
      "resolved": "https://registry.npmjs.org/react-router/-/react-router-6.27.0.tgz",
      "integrity": "sha512-YA+HGZXz4jaAkVoYBE98VQl+nVzI+cVI2Oj/06F5ZM+0u3TgedN9Y9kmMRo2mnkSK2nCpNQn0DVob4HCsY/WLw==",
      "dependencies": {
        "@remix-run/router": "1.20.0"
      },
      "engines": {
        "node": ">=14.0.0"
      },
      "peerDependencies": {
        "react": ">=16.8"
      }
    },
    "node_modules/react-router-dom": {
      "version": "6.27.0",
      "resolved": "https://registry.npmjs.org/react-router-dom/-/react-router-dom-6.27.0.tgz",
      "integrity": "sha512-+bvtFWMC0DgAFrfKXKG9Fc+BcXWRUO1aJIihbB79xaeq0v5UzfvnM5houGUm1Y461WVRcgAQ+Clh5rdb1eCx4g==",
      "dependencies": {
        "@remix-run/router": "1.20.0",
        "react-router": "6.27.0"
      },
      "engines": {
        "node": ">=14.0.0"
      },
      "peerDependencies": {
        "react": ">=16.8",
        "react-dom": ">=16.8"
      }
    },
    "node_modules/readonly-date": {
      "version": "1.0.0",
      "dev": true,
      "license": "Apache-2.0"
    },
    "node_modules/scheduler": {
      "version": "0.23.2",
      "resolved": "https://registry.npmjs.org/scheduler/-/scheduler-0.23.2.tgz",
      "integrity": "sha512-UOShsPwz7NrMUqhR6t0hWjFduvOzbtv7toDH1/hIrfRNIDBnnBWd0CwJTGvTpngVlmwGCdP9/Zl/tVrDqcuYzQ==",
      "peer": true,
      "dependencies": {
        "loose-envify": "^1.1.0"
      }
    },
    "node_modules/symbol-observable": {
      "version": "2.0.3",
      "dev": true,
      "license": "MIT",
      "engines": {
        "node": ">=0.10"
      }
    },
    "node_modules/true-myth": {
      "version": "7.4.0",
      "license": "MIT",
      "engines": {
        "node": "18.* || >= 20.*"
      }
    },
    "node_modules/ts-mixer": {
      "version": "6.0.4",
      "license": "MIT"
    },
    "node_modules/tslib": {
      "version": "2.8.0",
      "resolved": "https://registry.npmjs.org/tslib/-/tslib-2.8.0.tgz",
      "integrity": "sha512-jWVzBLplnCmoaTr13V9dYbiQ99wvZRd0vNWaDRg+aVYRcjDF3nDksxFDE/+fkXnKhpnUUkmx5pK/v8mCtLVqZA=="
    },
    "node_modules/undici-types": {
      "version": "5.26.5",
      "dev": true,
      "license": "MIT"
    },
    "node_modules/valibot": {
      "version": "0.35.0",
      "dev": true,
      "license": "MIT"
    },
    "node_modules/visitor-as": {
      "version": "0.11.4",
      "license": "MIT",
      "dependencies": {
        "lodash.clonedeep": "^4.5.0",
        "ts-mixer": "^6.0.2"
      },
      "peerDependencies": {
        "assemblyscript": "^0.25.0"
      }
    },
    "node_modules/web-streams-polyfill": {
      "version": "3.3.3",
      "dev": true,
      "license": "MIT",
      "engines": {
        "node": ">= 8"
      }
    },
    "node_modules/ws": {
      "version": "7.5.10",
      "dev": true,
      "license": "MIT",
      "engines": {
        "node": ">=8.3.0"
      },
      "peerDependencies": {
        "bufferutil": "^4.0.1",
        "utf-8-validate": "^5.0.2"
      },
      "peerDependenciesMeta": {
        "bufferutil": {
          "optional": true
        },
        "utf-8-validate": {
          "optional": true
        }
      }
    },
    "node_modules/xstream": {
      "version": "11.14.0",
      "dev": true,
      "license": "MIT",
      "dependencies": {
        "globalthis": "^1.0.1",
        "symbol-observable": "^2.0.3"
      }
    }
  }
}
